<?xml version="1.0" encoding="utf-8"?>
<Project ToolsVersion="4.0" xmlns="http://schemas.microsoft.com/developer/msbuild/2003">
  <ItemGroup>
    <Filter Include="Source Files">
      <UniqueIdentifier>{4FC737F1-C7A5-4376-A066-2A32D752A2FF}</UniqueIdentifier>
      <Extensions>cpp;c;cc;cxx;def;odl;idl;hpj;bat;asm;asmx</Extensions>
    </Filter>
    <Filter Include="Header Files">
      <UniqueIdentifier>{93995380-89BD-4b04-88EB-625FBE52EBFB}</UniqueIdentifier>
      <Extensions>h;hpp;hxx;hm;inl;inc;xsd</Extensions>
    </Filter>
    <Filter Include="Resource Files">
      <UniqueIdentifier>{67DA6AB6-F800-4c08-8B7A-83BB121AAD01}</UniqueIdentifier>
      <Extensions>rc;ico;cur;bmp;dlg;rc2;rct;bin;rgs;gif;jpg;jpeg;jpe;resx;tiff;tif;png;wav;mfcribbon-ms</Extensions>
    </Filter>
    <Filter Include="codebase">
      <UniqueIdentifier>{8077dd8a-eadd-4506-802e-51bf78f7a5ea}</UniqueIdentifier>
    </Filter>
    <Filter Include="third_party">
      <UniqueIdentifier>{87aeff2e-a034-4cb9-895f-50fec9a66372}</UniqueIdentifier>
    </Filter>
    <Filter Include="third_party\jsoncpp">
      <UniqueIdentifier>{b8f62df7-5624-4d5a-80b1-23e6b8d47700}</UniqueIdentifier>
    </Filter>
  </ItemGroup>
  <ItemGroup>
    <None Include="ReadMe.txt" />
    <None Include="res\LikeClient.rc2">
      <Filter>Resource Files</Filter>
    </None>
    <None Include="res\LikeClient.ico">
      <Filter>Resource Files</Filter>
    </None>
  </ItemGroup>
  <ItemGroup>
    <ClInclude Include="LikeClientDlg.h">
      <Filter>Header Files</Filter>
    </ClInclude>
    <ClInclude Include="stdafx.h">
      <Filter>Header Files</Filter>
    </ClInclude>
    <ClInclude Include="targetver.h">
      <Filter>Header Files</Filter>
    </ClInclude>
    <ClInclude Include="Resource.h">
      <Filter>Header Files</Filter>
    </ClInclude>
    <ClInclude Include="..\codebase\like_client.h">
      <Filter>codebase</Filter>
    </ClInclude>
    <ClInclude Include="..\codebase\like_message.h">
      <Filter>codebase</Filter>
    </ClInclude>
    <ClInclude Include="LikeClient.h">
      <Filter>Header Files</Filter>
    </ClInclude>
    <ClInclude Include="..\third_party\jsoncpp-0.5.0\include\json\autolink.h">
      <Filter>third_party\jsoncpp</Filter>
    </ClInclude>
    <ClInclude Include="..\third_party\jsoncpp-0.5.0\include\json\config.h">
      <Filter>third_party\jsoncpp</Filter>
    </ClInclude>
    <ClInclude Include="..\third_party\jsoncpp-0.5.0\include\json\features.h">
      <Filter>third_party\jsoncpp</Filter>
    </ClInclude>
    <ClInclude Include="..\third_party\jsoncpp-0.5.0\include\json\forwards.h">
      <Filter>third_party\jsoncpp</Filter>
    </ClInclude>
    <ClInclude Include="..\third_party\jsoncpp-0.5.0\include\json\json.h">
      <Filter>third_party\jsoncpp</Filter>
    </ClInclude>
    <ClInclude Include="..\third_party\jsoncpp-0.5.0\include\json\reader.h">
      <Filter>third_party\jsoncpp</Filter>
    </ClInclude>
    <ClInclude Include="..\third_party\jsoncpp-0.5.0\include\json\value.h">
      <Filter>third_party\jsoncpp</Filter>
    </ClInclude>
    <ClInclude Include="..\third_party\jsoncpp-0.5.0\include\json\writer.h">
      <Filter>third_party\jsoncpp</Filter>
    </ClInclude>
    <ClInclude Include="..\codebase\like_client_delegate.h">
      <Filter>codebase</Filter>
    </ClInclude>
  </ItemGroup>
  <ItemGroup>
    <ClCompile Include="LikeClientDlg.cpp">
      <Filter>Source Files</Filter>
    </ClCompile>
    <ClCompile Include="stdafx.cpp">
      <Filter>Source Files</Filter>
    </ClCompile>
    <ClCompile Include="LikeClient.cpp">
      <Filter>Source Files</Filter>
    </ClCompile>
    <ClCompile Include="..\codebase\like_client.cpp">
      <Filter>codebase</Filter>
    </ClCompile>
    <ClCompile Include="..\third_party\jsoncpp-0.5.0\src\lib_json\json_reader.cpp">
      <Filter>third_party\jsoncpp</Filter>
    </ClCompile>
    <ClCompile Include="..\third_party\jsoncpp-0.5.0\src\lib_json\json_value.cpp">
      <Filter>third_party\jsoncpp</Filter>
    </ClCompile>
    <ClCompile Include="..\third_party\jsoncpp-0.5.0\src\lib_json\json_writer.cpp">
      <Filter>third_party\jsoncpp</Filter>
    </ClCompile>
  </ItemGroup>
  <ItemGroup>
    <ResourceCompile Include="LikeClient.rc">
      <Filter>Resource Files</Filter>
    </ResourceCompile>
  </ItemGroup>
</Project>